
Microsoft Visual Studio Solution File, Format Version 12.00
# Visual Studio Version 17
VisualStudioVersion = 17.0.32112.339
MinimumVisualStudioVersion = 10.0.40219.1
Project("{FAE04EC0-301F-11D3-BF4B-00C04F79EFBC}") = "orkki", "orkki.csproj", "{98183C26-2CFC-43BE-A34D-03201DDBF25E}"
EndProject
Global
	GlobalSection(SolutionConfigurationPlatforms) = preSolution
		Debug|Any CPU = Debug|Any CPU
		Release|Any CPU = Release|Any CPU
	EndGlobalSection
	GlobalSection(ProjectConfigurationPlatforms) = postSolution
		{98183C26-2CFC-43BE-A34D-03201DDBF25E}.Debug|Any CPU.ActiveCfg = Debug|Any CPU
		{98183C26-2CFC-43BE-A34D-03201DDBF25E}.Debug|Any CPU.Build.0 = Debug|Any CPU
		{98183C26-2CFC-43BE-A34D-03201DDBF25E}.Release|Any CPU.ActiveCfg = Release|Any CPU
		{98183C26-2CFC-43BE-A34D-03201DDBF25E}.Release|Any CPU.Build.0 = Release|Any CPU
	EndGlobalSection
	GlobalSection(SolutionProperties) = preSolution
		HideSolutionNode = FALSE
	EndGlobalSection
	GlobalSection(ExtensibilityGlobals) = postSolution
		SolutionGuid = {CAA2AA21-BEE2-4EEE-87B2-0EF7B90C475C}
	EndGlobalSection
EndGlobal
